{
  "name": "ai-assistant-regressivo",
  "lockfileVersion": 3,
  "requires": true,
  "packages": {},
  "dependencies": {
    "formidable": {
      "version": "^3.5.0",
      "resolved": "",
      "integrity": ""
    },
    "openai": {
      "version": "^4.24.0",
      "resolved": "",
      "integrity": ""
    },
    "dezalgo": {
      "version": "^1.0.3",
      "resolved": "",
      "integrity": ""
    },
    "once": {
      "version": "^1.4.0",
      "resolved": "",
      "integrity": ""
    },
    "@paralleldrive/cuid2": {
      "version": "^2.2.2",
      "resolved": "",
      "integrity": ""
    },
    "node-fetch": {
      "version": "^3.3.2",
      "resolved": "",
      "integrity": ""
    },
    "formdata-node": {
      "version": "^5.0.0",
      "resolved": "",
      "integrity": ""
    },
    "form-data-encoder": {
      "version": "^2.0.2",
      "resolved": "",
      "integrity": ""
    },
    "abort-controller": {
      "version": "^3.0.0",
      "resolved": "",
      "integrity": ""
    },
    "agentkeepalive": {
      "version": "^4.5.0",
      "resolved": "",
      "integrity": ""
    }
  }
}
